
Microsoft Visual Studio Solution File, Format Version 12.00
# Visual Studio 14
VisualStudioVersion = 14.0.25420.1
MinimumVisualStudioVersion = 10.0.40219.1
Project("{FAE04EC0-301F-11D3-BF4B-00C04F79EFBC}") = "PayslipGenerator", "PayslipGenerator\PayslipGenerator.csproj", "{7203D1D4-CBB0-4A5F-9E90-C80B435C0A30}"
EndProject
Project("{FAE04EC0-301F-11D3-BF4B-00C04F79EFBC}") = "UnitTestProject", "UnitTestProject\UnitTestProject.csproj", "{83F32A19-1186-46A7-8637-B85BC0067171}"
EndProject
Global
	GlobalSection(SolutionConfigurationPlatforms) = preSolution
		Debug|Any CPU = Debug|Any CPU
		Release|Any CPU = Release|Any CPU
	EndGlobalSection
	GlobalSection(ProjectConfigurationPlatforms) = postSolution
		{7203D1D4-CBB0-4A5F-9E90-C80B435C0A30}.Debug|Any CPU.ActiveCfg = Debug|Any CPU
		{7203D1D4-CBB0-4A5F-9E90-C80B435C0A30}.Debug|Any CPU.Build.0 = Debug|Any CPU
		{7203D1D4-CBB0-4A5F-9E90-C80B435C0A30}.Release|Any CPU.ActiveCfg = Release|Any CPU
		{7203D1D4-CBB0-4A5F-9E90-C80B435C0A30}.Release|Any CPU.Build.0 = Release|Any CPU
		{83F32A19-1186-46A7-8637-B85BC0067171}.Debug|Any CPU.ActiveCfg = Debug|Any CPU
		{83F32A19-1186-46A7-8637-B85BC0067171}.Debug|Any CPU.Build.0 = Debug|Any CPU
		{83F32A19-1186-46A7-8637-B85BC0067171}.Release|Any CPU.ActiveCfg = Release|Any CPU
		{83F32A19-1186-46A7-8637-B85BC0067171}.Release|Any CPU.Build.0 = Release|Any CPU
	EndGlobalSection
	GlobalSection(SolutionProperties) = preSolution
		HideSolutionNode = FALSE
	EndGlobalSection
EndGlobal
